
Microsoft Visual Studio Solution File, Format Version 11.00
# Visual Studio 2010
Project("{8BC9CEB8-8B4A-11D0-8D11-00A0C91BC942}") = "LedMatrix", "LedMatrix.vcxproj", "{0A5083FC-9873-494C-AD76-514E767A1590}"
EndProject
Global
	GlobalSection(SolutionConfigurationPlatforms) = preSolution
		Debug|Win32 = Debug|Win32
		Release|Win32 = Release|Win32
	EndGlobalSection
	GlobalSection(ProjectConfigurationPlatforms) = postSolution
		{0A5083FC-9873-494C-AD76-514E767A1590}.Debug|Win32.ActiveCfg = Debug|Win32
		{0A5083FC-9873-494C-AD76-514E767A1590}.Debug|Win32.Build.0 = Debug|Win32
		{0A5083FC-9873-494C-AD76-514E767A1590}.Release|Win32.ActiveCfg = Release|Win32
		{0A5083FC-9873-494C-AD76-514E767A1590}.Release|Win32.Build.0 = Release|Win32
	EndGlobalSection
	GlobalSection(SolutionProperties) = preSolution
		HideSolutionNode = FALSE
	EndGlobalSection
EndGlobal
